
Microsoft Visual Studio Solution File, Format Version 12.00
# Visual Studio Version 17
VisualStudioVersion = 17.8.34525.116
MinimumVisualStudioVersion = 10.0.40219.1
Project("{FAE04EC0-301F-11D3-BF4B-00C04F79EFBC}") = "Email_Sender", "Email_Sender.csproj", "{BD61678A-E0A2-4E14-970D-292F89E6AB94}"
EndProject
Global
	GlobalSection(SolutionConfigurationPlatforms) = preSolution
		Debug|Any CPU = Debug|Any CPU
		Release|Any CPU = Release|Any CPU
	EndGlobalSection
	GlobalSection(ProjectConfigurationPlatforms) = postSolution
		{BD61678A-E0A2-4E14-970D-292F89E6AB94}.Debug|Any CPU.ActiveCfg = Debug|Any CPU
		{BD61678A-E0A2-4E14-970D-292F89E6AB94}.Debug|Any CPU.Build.0 = Debug|Any CPU
		{BD61678A-E0A2-4E14-970D-292F89E6AB94}.Release|Any CPU.ActiveCfg = Release|Any CPU
		{BD61678A-E0A2-4E14-970D-292F89E6AB94}.Release|Any CPU.Build.0 = Release|Any CPU
	EndGlobalSection
	GlobalSection(SolutionProperties) = preSolution
		HideSolutionNode = FALSE
	EndGlobalSection
	GlobalSection(ExtensibilityGlobals) = postSolution
		SolutionGuid = {B11D9044-9CB5-48C1-B304-D1A39EA3C37A}
	EndGlobalSection
EndGlobal
